
Microsoft Visual Studio Solution File, Format Version 12.00
# Visual Studio Version 17
VisualStudioVersion = 17.8.34525.116
MinimumVisualStudioVersion = 10.0.40219.1
Project("{FAE04EC0-301F-11D3-BF4B-00C04F79EFBC}") = "ArcBulkFileExtractor", "ArcToModConsole\ArcBulkFileExtractor.csproj", "{16B2EC33-0F7C-4138-8F5B-7B127672C156}"
EndProject
Global
	GlobalSection(SolutionConfigurationPlatforms) = preSolution
		Debug|Any CPU = Debug|Any CPU
		Release|Any CPU = Release|Any CPU
	EndGlobalSection
	GlobalSection(ProjectConfigurationPlatforms) = postSolution
		{16B2EC33-0F7C-4138-8F5B-7B127672C156}.Debug|Any CPU.ActiveCfg = Debug|Any CPU
		{16B2EC33-0F7C-4138-8F5B-7B127672C156}.Debug|Any CPU.Build.0 = Debug|Any CPU
		{16B2EC33-0F7C-4138-8F5B-7B127672C156}.Release|Any CPU.ActiveCfg = Release|Any CPU
		{16B2EC33-0F7C-4138-8F5B-7B127672C156}.Release|Any CPU.Build.0 = Release|Any CPU
	EndGlobalSection
	GlobalSection(SolutionProperties) = preSolution
		HideSolutionNode = FALSE
	EndGlobalSection
	GlobalSection(ExtensibilityGlobals) = postSolution
		SolutionGuid = {FF3AC2DD-1FAB-4230-9097-AA4E3385ED15}
	EndGlobalSection
EndGlobal
