
Microsoft Visual Studio Solution File, Format Version 12.00
# Visual Studio Version 17
VisualStudioVersion = 17.0.32112.339
MinimumVisualStudioVersion = 10.0.40219.1
Project("{9A19103F-16F7-4668-BE54-9A1E7A4F7556}") = "ArcToModTool", "ArcToModTool\ArcToModTool.csproj", "{E7F303C4-C5C0-4BE9-937B-A1EAA8082D50}"
EndProject
Project("{2150E333-8FDC-42A3-9474-1A3956D46DE8}") = "Solution Items", "Solution Items", "{6950A4E9-49F4-40CC-861A-0A52134E9556}"
	ProjectSection(SolutionItems) = preProject
		README.md = README.md
	EndProjectSection
EndProject
Global
	GlobalSection(SolutionConfigurationPlatforms) = preSolution
		Debug|Any CPU = Debug|Any CPU
		Release|Any CPU = Release|Any CPU
	EndGlobalSection
	GlobalSection(ProjectConfigurationPlatforms) = postSolution
		{E7F303C4-C5C0-4BE9-937B-A1EAA8082D50}.Debug|Any CPU.ActiveCfg = Debug|Any CPU
		{E7F303C4-C5C0-4BE9-937B-A1EAA8082D50}.Debug|Any CPU.Build.0 = Debug|Any CPU
		{E7F303C4-C5C0-4BE9-937B-A1EAA8082D50}.Release|Any CPU.ActiveCfg = Release|Any CPU
		{E7F303C4-C5C0-4BE9-937B-A1EAA8082D50}.Release|Any CPU.Build.0 = Release|Any CPU
	EndGlobalSection
	GlobalSection(SolutionProperties) = preSolution
		HideSolutionNode = FALSE
	EndGlobalSection
	GlobalSection(ExtensibilityGlobals) = postSolution
		SolutionGuid = {FF3AC2DD-1FAB-4230-9097-AA4E3385ED15}
	EndGlobalSection
EndGlobal
